
Microsoft Visual Studio Solution File, Format Version 12.00
# Visual Studio Version 17
VisualStudioVersion = 17.13.35825.156 d17.13
MinimumVisualStudioVersion = 10.0.40219.1
Project("{FAE04EC0-301F-11D3-BF4B-00C04F79EFBC}") = "Exercicio01", "Exercicio01\Exercicio01.csproj", "{CA7AF676-7D01-4BE8-96E8-2EB5A3EAFB2A}"
EndProject
Project("{FAE04EC0-301F-11D3-BF4B-00C04F79EFBC}") = "Exercicio02", "Exercicio02\Exercicio02.csproj", "{9D7843FF-E9A9-42A8-AD73-B00DE8060666}"
EndProject
Project("{FAE04EC0-301F-11D3-BF4B-00C04F79EFBC}") = "Exercicio03", "Exercicio03\Exercicio03.csproj", "{471BDA30-F973-40D8-B5E5-B05E7C5D708F}"
EndProject
Project("{FAE04EC0-301F-11D3-BF4B-00C04F79EFBC}") = "Exercicio04", "Exercicio04\Exercicio04.csproj", "{7E8364BA-6F8F-4616-AA3F-19E3475CAFB6}"
EndProject
Project("{FAE04EC0-301F-11D3-BF4B-00C04F79EFBC}") = "Exercicio05", "Exercicio05\Exercicio05.csproj", "{0FD79E78-A7CD-4632-81AF-DE34A65E0730}"
EndProject
Project("{FAE04EC0-301F-11D3-BF4B-00C04F79EFBC}") = "Exercicio06", "Exercicio06\Exercicio06.csproj", "{0DF08C67-B6BB-44CE-998C-DEDB5C2C9532}"
EndProject
Project("{FAE04EC0-301F-11D3-BF4B-00C04F79EFBC}") = "Exercicio07", "Exercicio07\Exercicio07.csproj", "{27466341-CC1D-487E-AE06-73DE231F64BA}"
EndProject
Project("{FAE04EC0-301F-11D3-BF4B-00C04F79EFBC}") = "Exercicio08", "Exercicio08\Exercicio08.csproj", "{68B96102-F980-42AE-9946-1C36484D62D9}"
EndProject
Project("{FAE04EC0-301F-11D3-BF4B-00C04F79EFBC}") = "Exercicio09", "Exercicio09\Exercicio09.csproj", "{F96F6A5A-700D-4FE8-98D2-1FF939306CBB}"
EndProject
Project("{FAE04EC0-301F-11D3-BF4B-00C04F79EFBC}") = "Exercicio10", "Exercicio10\Exercicio10.csproj", "{F16EB700-7E50-4525-9B51-8C749BA2A525}"
EndProject
Project("{FAE04EC0-301F-11D3-BF4B-00C04F79EFBC}") = "Exercicio11", "Exercicio11\Exercicio11.csproj", "{907F4350-7756-4D3D-813F-7820D9CB1B43}"
EndProject
Global
	GlobalSection(SolutionConfigurationPlatforms) = preSolution
		Debug|Any CPU = Debug|Any CPU
		Release|Any CPU = Release|Any CPU
	EndGlobalSection
	GlobalSection(ProjectConfigurationPlatforms) = postSolution
		{CA7AF676-7D01-4BE8-96E8-2EB5A3EAFB2A}.Debug|Any CPU.ActiveCfg = Debug|Any CPU
		{CA7AF676-7D01-4BE8-96E8-2EB5A3EAFB2A}.Debug|Any CPU.Build.0 = Debug|Any CPU
		{CA7AF676-7D01-4BE8-96E8-2EB5A3EAFB2A}.Release|Any CPU.ActiveCfg = Release|Any CPU
		{CA7AF676-7D01-4BE8-96E8-2EB5A3EAFB2A}.Release|Any CPU.Build.0 = Release|Any CPU
		{9D7843FF-E9A9-42A8-AD73-B00DE8060666}.Debug|Any CPU.ActiveCfg = Debug|Any CPU
		{9D7843FF-E9A9-42A8-AD73-B00DE8060666}.Debug|Any CPU.Build.0 = Debug|Any CPU
		{9D7843FF-E9A9-42A8-AD73-B00DE8060666}.Release|Any CPU.ActiveCfg = Release|Any CPU
		{9D7843FF-E9A9-42A8-AD73-B00DE8060666}.Release|Any CPU.Build.0 = Release|Any CPU
		{471BDA30-F973-40D8-B5E5-B05E7C5D708F}.Debug|Any CPU.ActiveCfg = Debug|Any CPU
		{471BDA30-F973-40D8-B5E5-B05E7C5D708F}.Debug|Any CPU.Build.0 = Debug|Any CPU
		{471BDA30-F973-40D8-B5E5-B05E7C5D708F}.Release|Any CPU.ActiveCfg = Release|Any CPU
		{471BDA30-F973-40D8-B5E5-B05E7C5D708F}.Release|Any CPU.Build.0 = Release|Any CPU
		{7E8364BA-6F8F-4616-AA3F-19E3475CAFB6}.Debug|Any CPU.ActiveCfg = Debug|Any CPU
		{7E8364BA-6F8F-4616-AA3F-19E3475CAFB6}.Debug|Any CPU.Build.0 = Debug|Any CPU
		{7E8364BA-6F8F-4616-AA3F-19E3475CAFB6}.Release|Any CPU.ActiveCfg = Release|Any CPU
		{7E8364BA-6F8F-4616-AA3F-19E3475CAFB6}.Release|Any CPU.Build.0 = Release|Any CPU
		{0FD79E78-A7CD-4632-81AF-DE34A65E0730}.Debug|Any CPU.ActiveCfg = Debug|Any CPU
		{0FD79E78-A7CD-4632-81AF-DE34A65E0730}.Debug|Any CPU.Build.0 = Debug|Any CPU
		{0FD79E78-A7CD-4632-81AF-DE34A65E0730}.Release|Any CPU.ActiveCfg = Release|Any CPU
		{0FD79E78-A7CD-4632-81AF-DE34A65E0730}.Release|Any CPU.Build.0 = Release|Any CPU
		{0DF08C67-B6BB-44CE-998C-DEDB5C2C9532}.Debug|Any CPU.ActiveCfg = Debug|Any CPU
		{0DF08C67-B6BB-44CE-998C-DEDB5C2C9532}.Debug|Any CPU.Build.0 = Debug|Any CPU
		{0DF08C67-B6BB-44CE-998C-DEDB5C2C9532}.Release|Any CPU.ActiveCfg = Release|Any CPU
		{0DF08C67-B6BB-44CE-998C-DEDB5C2C9532}.Release|Any CPU.Build.0 = Release|Any CPU
		{27466341-CC1D-487E-AE06-73DE231F64BA}.Debug|Any CPU.ActiveCfg = Debug|Any CPU
		{27466341-CC1D-487E-AE06-73DE231F64BA}.Debug|Any CPU.Build.0 = Debug|Any CPU
		{27466341-CC1D-487E-AE06-73DE231F64BA}.Release|Any CPU.ActiveCfg = Release|Any CPU
		{27466341-CC1D-487E-AE06-73DE231F64BA}.Release|Any CPU.Build.0 = Release|Any CPU
		{68B96102-F980-42AE-9946-1C36484D62D9}.Debug|Any CPU.ActiveCfg = Debug|Any CPU
		{68B96102-F980-42AE-9946-1C36484D62D9}.Debug|Any CPU.Build.0 = Debug|Any CPU
		{68B96102-F980-42AE-9946-1C36484D62D9}.Release|Any CPU.ActiveCfg = Release|Any CPU
		{68B96102-F980-42AE-9946-1C36484D62D9}.Release|Any CPU.Build.0 = Release|Any CPU
		{F96F6A5A-700D-4FE8-98D2-1FF939306CBB}.Debug|Any CPU.ActiveCfg = Debug|Any CPU
		{F96F6A5A-700D-4FE8-98D2-1FF939306CBB}.Debug|Any CPU.Build.0 = Debug|Any CPU
		{F96F6A5A-700D-4FE8-98D2-1FF939306CBB}.Release|Any CPU.ActiveCfg = Release|Any CPU
		{F96F6A5A-700D-4FE8-98D2-1FF939306CBB}.Release|Any CPU.Build.0 = Release|Any CPU
		{F16EB700-7E50-4525-9B51-8C749BA2A525}.Debug|Any CPU.ActiveCfg = Debug|Any CPU
		{F16EB700-7E50-4525-9B51-8C749BA2A525}.Debug|Any CPU.Build.0 = Debug|Any CPU
		{F16EB700-7E50-4525-9B51-8C749BA2A525}.Release|Any CPU.ActiveCfg = Release|Any CPU
		{F16EB700-7E50-4525-9B51-8C749BA2A525}.Release|Any CPU.Build.0 = Release|Any CPU
		{907F4350-7756-4D3D-813F-7820D9CB1B43}.Debug|Any CPU.ActiveCfg = Debug|Any CPU
		{907F4350-7756-4D3D-813F-7820D9CB1B43}.Debug|Any CPU.Build.0 = Debug|Any CPU
		{907F4350-7756-4D3D-813F-7820D9CB1B43}.Release|Any CPU.ActiveCfg = Release|Any CPU
		{907F4350-7756-4D3D-813F-7820D9CB1B43}.Release|Any CPU.Build.0 = Release|Any CPU
	EndGlobalSection
	GlobalSection(SolutionProperties) = preSolution
		HideSolutionNode = FALSE
	EndGlobalSection
	GlobalSection(ExtensibilityGlobals) = postSolution
		SolutionGuid = {E164CD46-DE9D-4720-9FF7-14E2705CAD2B}
	EndGlobalSection
EndGlobal
